
Microsoft Visual Studio Solution File, Format Version 12.00
Project("{FAE04EC0-301F-11D3-BF4B-00C04F79EFBC}") = "AirportTicketBookingExerciseF", "AirportTicketBookingExerciseF\AirportTicketBookingExerciseF.csproj", "{C2248E86-A032-4AA2-9841-2E9FFB8385C1}"
EndProject
Project("{FAE04EC0-301F-11D3-BF4B-00C04F79EFBC}") = "Airport-Ticket-Booking-Exercise-F.Tests", "Airport-Ticket-Booking-Exercise-F.Tests\Airport-Ticket-Booking-Exercise-F.Tests.csproj", "{A2B0B2E3-62D0-439D-8CC6-1331833915C6}"
EndProject
Global
	GlobalSection(SolutionConfigurationPlatforms) = preSolution
		Debug|Any CPU = Debug|Any CPU
		Release|Any CPU = Release|Any CPU
	EndGlobalSection
	GlobalSection(ProjectConfigurationPlatforms) = postSolution
		{C2248E86-A032-4AA2-9841-2E9FFB8385C1}.Debug|Any CPU.ActiveCfg = Debug|Any CPU
		{C2248E86-A032-4AA2-9841-2E9FFB8385C1}.Debug|Any CPU.Build.0 = Debug|Any CPU
		{C2248E86-A032-4AA2-9841-2E9FFB8385C1}.Release|Any CPU.ActiveCfg = Release|Any CPU
		{C2248E86-A032-4AA2-9841-2E9FFB8385C1}.Release|Any CPU.Build.0 = Release|Any CPU
		{A2B0B2E3-62D0-439D-8CC6-1331833915C6}.Debug|Any CPU.ActiveCfg = Debug|Any CPU
		{A2B0B2E3-62D0-439D-8CC6-1331833915C6}.Debug|Any CPU.Build.0 = Debug|Any CPU
		{A2B0B2E3-62D0-439D-8CC6-1331833915C6}.Release|Any CPU.ActiveCfg = Release|Any CPU
		{A2B0B2E3-62D0-439D-8CC6-1331833915C6}.Release|Any CPU.Build.0 = Release|Any CPU
	EndGlobalSection
EndGlobal
